// !$*UTF8*$!
{
	archiveVersion = 1;
	classes = {
	};
	objectVersion = 50;
	objects = {

/* Begin PBXBuildFile section */
		AFA30B1F26CBF2FB00E14B86 /* AppDelegate.swift in Sources */ = {isa = PBXBuildFile; fileRef = AFA30B1E26CBF2FB00E14B86 /* AppDelegate.swift */; };
		AFA30B2126CBF2FB00E14B86 /* SceneDelegate.swift in Sources */ = {isa = PBXBuildFile; fileRef = AFA30B2026CBF2FB00E14B86 /* SceneDelegate.swift */; };
		AFA30B2326CBF2FB00E14B86 /* ViewController.swift in Sources */ = {isa = PBXBuildFile; fileRef = AFA30B2226CBF2FB00E14B86 /* ViewController.swift */; };
		AFA30B2626CBF2FB00E14B86 /* Main.storyboard in Resources */ = {isa = PBXBuildFile; fileRef = AFA30B2426CBF2FB00E14B86 /* Main.storyboard */; };
		AFA30B2826CBF2FD00E14B86 /* Assets.xcassets in Resources */ = {isa = PBXBuildFile; fileRef = AFA30B2726CBF2FD00E14B86 /* Assets.xcassets */; };
		AFA30B2B26CBF2FD00E14B86 /* LaunchScreen.storyboard in Resources */ = {isa = PBXBuildFile; fileRef = AFA30B2926CBF2FD00E14B86 /* LaunchScreen.storyboard */; };
/* End PBXBuildFile section */

/* Begin PBXFileReference section */
		AFA30B1B26CBF2FB00E14B86 /* music-search-ios.app */ = {isa = PBXFileReference; explicitFileType = wrapper.application; includeInIndex = 0; path = "music-search-ios.app"; sourceTree = BUILT_PRODUCTS_DIR; };
		AFA30B1E26CBF2FB00E14B86 /* AppDelegate.swift */ = {isa = PBXFileReference; lastKnownFileType = sourcecode.swift; path = AppDelegate.swift; sourceTree = "<group>"; };
		AFA30B2026CBF2FB00E14B86 /* SceneDelegate.swift */ = {isa = PBXFileReference; lastKnownFileType = sourcecode.swift; path = SceneDelegate.swift; sourceTree = "<group>"; };
		AFA30B2226CBF2FB00E14B86 /* ViewController.swift */ = {isa = PBXFileReference; lastKnownFileType = sourcecode.swift; path = ViewController.swift; sourceTree = "<group>"; };
		AFA30B2526CBF2FB00E14B86 /* Base */ = {isa = PBXFileReference; lastKnownFileType = file.storyboard; name = Base; path = Base.lproj/Main.storyboard; sourceTree = "<group>"; };
		AFA30B2726CBF2FD00E14B86 /* Assets.xcassets */ = {isa = PBXFileReference; lastKnownFileType = folder.assetcatalog; path = Assets.xcassets; sourceTree = "<group>"; };
		AFA30B2A26CBF2FD00E14B86 /* Base */ = {isa = PBXFileReference; lastKnownFileType = file.storyboard; name = Base; path = Base.lproj/LaunchScreen.storyboard; sourceTree = "<group>"; };
		AFA30B2C26CBF2FD00E14B86 /* Info.plist */ = {isa = PBXFileReference; lastKnownFileType = text.plist.xml; path = Info.plist; sourceTree = "<group>"; };
/* End PBXFileReference section */

/* Begin PBXFrameworksBuildPhase section */
		AFA30B1826CBF2FB00E14B86 /* Frameworks */ = {
			isa = PBXFrameworksBuildPhase;
			buildActionMask = 2147483647;
			files = (
			);
			runOnlyForDeploymentPostprocessing = 0;
		};
/* End PBXFrameworksBuildPhase section */

/* Begin PBXGroup section */
		AFA30B1226CBF2FB00E14B86 = {
			isa = PBXGroup;
			children = (
				AFA30B1D26CBF2FB00E14B86 /* music-search-ios */,
				AFA30B1C26CBF2FB00E14B86 /* Products */,
			);
			sourceTree = "<group>";
		};
		AFA30B1C26CBF2FB00E14B86 /* Products */ = {
			isa = PBXGroup;
			children = (
				AFA30B1B26CBF2FB00E14B86 /* music-search-ios.app */,
			);
			name = Products;
			sourceTree = "<group>";
		};
		AFA30B1D26CBF2FB00E14B86 /* music-search-ios */ = {
			isa = PBXGroup;
			children = (
				AFA30B1E26CBF2FB00E14B86 /* AppDelegate.swift */,
				AFA30B2026CBF2FB00E14B86 /* SceneDelegate.swift */,
				AFA30B2226CBF2FB00E14B86 /* ViewController.swift */,
				AFA30B2426CBF2FB00E14B86 /* Main.storyboard */,
				AFA30B2726CBF2FD00E14B86 /* Assets.xcassets */,
				AFA30B2926CBF2FD00E14B86 /* LaunchScreen.storyboard */,
				AFA30B2C26CBF2FD00E14B86 /* Info.plist */,
			);
			path = "music-search-ios";
			sourceTree = "<group>";
		};
/* End PBXGroup section */

/* Begin PBXNativeTarget section */
		AFA30B1A26CBF2FB00E14B86 /* music-search-ios */ = {
			isa = PBXNativeTarget;
			buildConfigurationList = AFA30B2F26CBF2FD00E14B86 /* Build configuration list for PBXNativeTarget "music-search-ios" */;
			buildPhases = (
				AFA30B1726CBF2FB00E14B86 /* Sources */,
				AFA30B1826CBF2FB00E14B86 /* Frameworks */,
				AFA30B1926CBF2FB00E14B86 /* Resources */,
			);
			buildRules = (
			);
			dependencies = (
			);
			name = "music-search-ios";
			productName = "music-search-ios";
			productReference = AFA30B1B26CBF2FB00E14B86 /* music-search-ios.app */;
			productType = "com.apple.product-type.application";
		};
/* End PBXNativeTarget section */

/* Begin PBXProject section */
		AFA30B1326CBF2FB00E14B86 /* Project object */ = {
			isa = PBXProject;
			attributes = {
				LastSwiftUpdateCheck = 1250;
				LastUpgradeCheck = 1250;
				TargetAttributes = {
					AFA30B1A26CBF2FB00E14B86 = {
						CreatedOnToolsVersion = 12.5.1;
					};
				};
			};
			buildConfigurationList = AFA30B1626CBF2FB00E14B86 /* Build configuration list for PBXProject "music-search-ios" */;
			compatibilityVersion = "Xcode 9.3";
			developmentRegion = en;
			hasScannedForEncodings = 0;
			knownRegions = (
				en,
				Base,
			);
			mainGroup = AFA30B1226CBF2FB00E14B86;
			productRefGroup = AFA30B1C26CBF2FB00E14B86 /* Products */;
			projectDirPath = "";
			projectRoot = "";
			targets = (
				AFA30B1A26CBF2FB00E14B86 /* music-search-ios */,
			);
		};
/* End PBXProject section */

/* Begin PBXResourcesBuildPhase section */
		AFA30B1926CBF2FB00E14B86 /* Resources */ = {
			isa = PBXResourcesBuildPhase;
			buildActionMask = 2147483647;
			files = (
				AFA30B2B26CBF2FD00E14B86 /* LaunchScreen.storyboard in Resources */,
				AFA30B2826CBF2FD00E14B86 /* Assets.xcassets in Resources */,
				AFA30B2626CBF2FB00E14B86 /* Main.storyboard in Resources */,
			);
			runOnlyForDeploymentPostprocessing = 0;
		};
/* End PBXResourcesBuildPhase section */

/* Begin PBXSourcesBuildPhase section */
		AFA30B1726CBF2FB00E14B86 /* Sources */ = {
			isa = PBXSourcesBuildPhase;
			buildActionMask = 2147483647;
			files = (
				AFA30B2326CBF2FB00E14B86 /* ViewController.swift in Sources */,
				AFA30B1F26CBF2FB00E14B86 /* AppDelegate.swift in Sources */,
				AFA30B2126CBF2FB00E14B86 /* SceneDelegate.swift in Sources */,
			);
			runOnlyForDeploymentPostprocessing = 0;
		};
/* End PBXSourcesBuildPhase section */

/* Begin PBXVariantGroup section */
		AFA30B2426CBF2FB00E14B86 /* Main.storyboard */ = {
			isa = PBXVariantGroup;
			children = (
				AFA30B2526CBF2FB00E14B86 /* Base */,
			);
			name = Main.storyboard;
			sourceTree = "<group>";
		};
		AFA30B2926CBF2FD00E14B86 /* LaunchScreen.storyboard */ = {
			isa = PBXVariantGroup;
			children = (
				AFA30B2A26CBF2FD00E14B86 /* Base */,
			);
			name = LaunchScreen.storyboard;
			sourceTree = "<group>";
		};
/* End PBXVariantGroup section */

/* Begin XCBuildConfiguration section */
		AFA30B2D26CBF2FD00E14B86 /* Debug */ = {
			isa = XCBuildConfiguration;
			buildSettings = {
				ALWAYS_SEARCH_USER_PATHS = NO;
				CLANG_ANALYZER_NONNULL = YES;
				CLANG_ANALYZER_NUMBER_OBJECT_CONVERSION = YES_AGGRESSIVE;
				CLANG_CXX_LANGUAGE_STANDARD = "gnu++14";
				CLANG_CXX_LIBRARY = "libc++";
				CLANG_ENABLE_MODULES = YES;
				CLANG_ENABLE_OBJC_ARC = YES;
				CLANG_ENABLE_OBJC_WEAK = YES;
				CLANG_WARN_BLOCK_CAPTURE_AUTORELEASING = YES;
				CLANG_WARN_BOOL_CONVERSION = YES;
				CLANG_WARN_COMMA = YES;
				CLANG_WARN_CONSTANT_CONVERSION = YES;
				CLANG_WARN_DEPRECATED_OBJC_IMPLEMENTATIONS = YES;
				CLANG_WARN_DIRECT_OBJC_ISA_USAGE = YES_ERROR;
				CLANG_WARN_DOCUMENTATION_COMMENTS = YES;
				CLANG_WARN_EMPTY_BODY = YES;
				CLANG_WARN_ENUM_CONVERSION = YES;
				CLANG_WARN_INFINITE_RECURSION = YES;
				CLANG_WARN_INT_CONVERSION = YES;
				CLANG_WARN_NON_LITERAL_NULL_CONVERSION = YES;
				CLANG_WARN_OBJC_IMPLICIT_RETAIN_SELF = YES;
				CLANG_WARN_OBJC_LITERAL_CONVERSION = YES;
				CLANG_WARN_OBJC_ROOT_CLASS = YES_ERROR;
				CLANG_WARN_QUOTED_INCLUDE_IN_FRAMEWORK_HEADER = YES;
				CLANG_WARN_RANGE_LOOP_ANALYSIS = YES;
				CLANG_WARN_STRICT_PROTOTYPES = YES;
				CLANG_WARN_SUSPICIOUS_MOVE = YES;
				CLANG_WARN_UNGUARDED_AVAILABILITY = YES_AGGRESSIVE;
				CLANG_WARN_UNREACHABLE_CODE = YES;
				CLANG_WARN__DUPLICATE_METHOD_MATCH = YES;
				COPY_PHASE_STRIP = NO;
				DEBUG_INFORMATION_FORMAT = dwarf;
				ENABLE_STRICT_OBJC_MSGSEND = YES;
				ENABLE_TESTABILITY = YES;
				GCC_C_LANGUAGE_STANDARD = gnu11;
				GCC_DYNAMIC_NO_PIC = NO;
				GCC_NO_COMMON_BLOCKS = YES;
				GCC_OPTIMIZATION_LEVEL = 0;
				GCC_PREPROCESSOR_DEFINITIONS = (
					"DEBUG=1",
					"$(inherited)",
				);
				GCC_WARN_64_TO_32_BIT_CONVERSION = YES;
				GCC_WARN_ABOUT_RETURN_TYPE = YES_ERROR;
				GCC_WARN_UNDECLARED_SELECTOR = YES;
				GCC_WARN_UNINITIALIZED_AUTOS = YES_AGGRESSIVE;
				GCC_WARN_UNUSED_FUNCTION = YES;
				GCC_WARN_UNUSED_VARIABLE = YES;
				IPHONEOS_DEPLOYMENT_TARGET = 14.5;
				MTL_ENABLE_DEBUG_INFO = INCLUDE_SOURCE;
				MTL_FAST_MATH = YES;
				ONLY_ACTIVE_ARCH = YES;
				SDKROOT = iphoneos;
				SWIFT_ACTIVE_COMPILATION_CONDITIONS = DEBUG;
				SWIFT_OPTIMIZATION_LEVEL = "-Onone";
			};
			name = Debug;
		};
		AFA30B2E26CBF2FD00E14B86 /* Release */ = {
			isa = XCBuildConfiguration;
			buildSettings = {
				ALWAYS_SEARCH_USER_PATHS = NO;
				CLANG_ANALYZER_NONNULL = YES;
				CLANG_ANALYZER_NUMBER_OBJECT_CONVERSION = YES_AGGRESSIVE;
				CLANG_CXX_LANGUAGE_STANDARD = "gnu++14";
				CLANG_CXX_LIBRARY = "libc++";
				CLANG_ENABLE_MODULES = YES;
				CLANG_ENABLE_OBJC_ARC = YES;
				CLANG_ENABLE_OBJC_WEAK = YES;
				CLANG_WARN_BLOCK_CAPTURE_AUTORELEASING = YES;
				CLANG_WARN_BOOL_CONVERSION = YES;
				CLANG_WARN_COMMA = YES;
				CLANG_WARN_CONSTANT_CONVERSION = YES;
				CLANG_WARN_DEPRECATED_OBJC_IMPLEMENTATIONS = YES;
				CLANG_WARN_DIRECT_OBJC_ISA_USAGE = YES_ERROR;
				CLANG_WARN_DOCUMENTATION_COMMENTS = YES;
				CLANG_WARN_EMPTY_BODY = YES;
				CLANG_WARN_ENUM_CONVERSION = YES;
				CLANG_WARN_INFINITE_RECURSION = YES;
				CLANG_WARN_INT_CONVERSION = YES;
				CLANG_WARN_NON_LITERAL_NULL_CONVERSION = YES;
				CLANG_WARN_OBJC_IMPLICIT_RETAIN_SELF = YES;
				CLANG_WARN_OBJC_LITERAL_CONVERSION = YES;
				CLANG_WARN_OBJC_ROOT_CLASS = YES_ERROR;
				CLANG_WARN_QUOTED_INCLUDE_IN_FRAMEWORK_HEADER = YES;
				CLANG_WARN_RANGE_LOOP_ANALYSIS = YES;
				CLANG_WARN_STRICT_PROTOTYPES = YES;
				CLANG_WARN_SUSPICIOUS_MOVE = YES;
				CLANG_WARN_UNGUARDED_AVAILABILITY = YES_AGGRESSIVE;
				CLANG_WARN_UNREACHABLE_CODE = YES;
				CLANG_WARN__DUPLICATE_METHOD_MATCH = YES;
				COPY_PHASE_STRIP = NO;
				DEBUG_INFORMATION_FORMAT = "dwarf-with-dsym";
				ENABLE_NS_ASSERTIONS = NO;
				ENABLE_STRICT_OBJC_MSGSEND = YES;
				GCC_C_LANGUAGE_STANDARD = gnu11;
				GCC_NO_COMMON_BLOCKS = YES;
				GCC_WARN_64_TO_32_BIT_CONVERSION = YES;
				GCC_WARN_ABOUT_RETURN_TYPE = YES_ERROR;
				GCC_WARN_UNDECLARED_SELECTOR = YES;
				GCC_WARN_UNINITIALIZED_AUTOS = YES_AGGRESSIVE;
				GCC_WARN_UNUSED_FUNCTION = YES;
				GCC_WARN_UNUSED_VARIABLE = YES;
				IPHONEOS_DEPLOYMENT_TARGET = 14.5;
				MTL_ENABLE_DEBUG_INFO = NO;
				MTL_FAST_MATH = YES;
				SDKROOT = iphoneos;
				SWIFT_COMPILATION_MODE = wholemodule;
				SWIFT_OPTIMIZATION_LEVEL = "-O";
				VALIDATE_PRODUCT = YES;
			};
			name = Release;
		};
		AFA30B3026CBF2FD00E14B86 /* Debug */ = {
			isa = XCBuildConfiguration;
			buildSettings = {
				ASSETCATALOG_COMPILER_APPICON_NAME = AppIcon;
				ASSETCATALOG_COMPILER_GLOBAL_ACCENT_COLOR_NAME = AccentColor;
				CODE_SIGN_STYLE = Automatic;
				DEVELOPMENT_TEAM = D68YD3CF7Q;
				INFOPLIST_FILE = "music-search-ios/Info.plist";
				LD_RUNPATH_SEARCH_PATHS = (
					"$(inherited)",
					"@executable_path/Frameworks",
				);
				PRODUCT_BUNDLE_IDENTIFIER = "codersanjeev.music-search-ios";
				PRODUCT_NAME = "$(TARGET_NAME)";
				SWIFT_VERSION = 5.0;
				TARGETED_DEVICE_FAMILY = 1;
			};
			name = Debug;
		};
		AFA30B3126CBF2FD00E14B86 /* Release */ = {
			isa = XCBuildConfiguration;
			buildSettings = {
				ASSETCATALOG_COMPILER_APPICON_NAME = AppIcon;
				ASSETCATALOG_COMPILER_GLOBAL_ACCENT_COLOR_NAME = AccentColor;
				CODE_SIGN_STYLE = Automatic;
				DEVELOPMENT_TEAM = D68YD3CF7Q;
				INFOPLIST_FILE = "music-search-ios/Info.plist";
				LD_RUNPATH_SEARCH_PATHS = (
					"$(inherited)",
					"@executable_path/Frameworks",
				);
				PRODUCT_BUNDLE_IDENTIFIER = "codersanjeev.music-search-ios";
				PRODUCT_NAME = "$(TARGET_NAME)";
				SWIFT_VERSION = 5.0;
				TARGETED_DEVICE_FAMILY = 1;
			};
			name = Release;
		};
/* End XCBuildConfiguration section */

/* Begin XCConfigurationList section */
		AFA30B1626CBF2FB00E14B86 /* Build configuration list for PBXProject "music-search-ios" */ = {
			isa = XCConfigurationList;
			buildConfigurations = (
				AFA30B2D26CBF2FD00E14B86 /* Debug */,
				AFA30B2E26CBF2FD00E14B86 /* Release */,
			);
			defaultConfigurationIsVisible = 0;
			defaultConfigurationName = Release;
		};
		AFA30B2F26CBF2FD00E14B86 /* Build configuration list for PBXNativeTarget "music-search-ios" */ = {
			isa = XCConfigurationList;
			buildConfigurations = (
				AFA30B3026CBF2FD00E14B86 /* Debug */,
				AFA30B3126CBF2FD00E14B86 /* Release */,
			);
			defaultConfigurationIsVisible = 0;
			defaultConfigurationName = Release;
		};
/* End XCConfigurationList section */
	};
	rootObject = AFA30B1326CBF2FB00E14B86 /* Project object */;
}
